// !$*UTF8*$!
{
	archiveVersion = 1;
	classes = {
	};
	objectVersion = 46;
	objects = {

/* Begin PBXBuildFile section */
		2C4B9B5B1E1E9C7A00E05B4C /* AppDelegate.swift in Sources */ = {isa = PBXBuildFile; fileRef = 2C4B9B5A1E1E9C7A00E05B4C /* AppDelegate.swift */; };
		2C4B9B5D1E1E9C7A00E05B4C /* ViewController.swift in Sources */ = {isa = PBXBuildFile; fileRef = 2C4B9B5C1E1E9C7A00E05B4C /* ViewController.swift */; };
		2C4B9B601E1E9C7A00E05B4C /* Main.storyboard in Resources */ = {isa = PBXBuildFile; fileRef = 2C4B9B5E1E1E9C7A00E05B4C /* Main.storyboard */; };
		2C4B9B631E1E9C7A00E05B4C /* FinalHackathon.xcdatamodeld in Sources */ = {isa = PBXBuildFile; fileRef = 2C4B9B611E1E9C7A00E05B4C /* FinalHackathon.xcdatamodeld */; };
		2C4B9B651E1E9C7A00E05B4C /* Assets.xcassets in Resources */ = {isa = PBXBuildFile; fileRef = 2C4B9B641E1E9C7A00E05B4C /* Assets.xcassets */; };
		2C4B9B681E1E9C7A00E05B4C /* LaunchScreen.storyboard in Resources */ = {isa = PBXBuildFile; fileRef = 2C4B9B661E1E9C7A00E05B4C /* LaunchScreen.storyboard */; };
		2C4B9B731E1E9C7B00E05B4C /* FinalHackathonTests.swift in Sources */ = {isa = PBXBuildFile; fileRef = 2C4B9B721E1E9C7B00E05B4C /* FinalHackathonTests.swift */; };
		2C4B9B7E1E1E9C7B00E05B4C /* FinalHackathonUITests.swift in Sources */ = {isa = PBXBuildFile; fileRef = 2C4B9B7D1E1E9C7B00E05B4C /* FinalHackathonUITests.swift */; };
		3154C8A799E20738DD2B2C4D /* Pods_FinalHackathonUITests.framework in Frameworks */ = {isa = PBXBuildFile; fileRef = 7C43647A5EFB809EA7794AFA /* Pods_FinalHackathonUITests.framework */; };
		B19ADCC0FF234FE456D7D3BD /* Pods_FinalHackathonTests.framework in Frameworks */ = {isa = PBXBuildFile; fileRef = 65675DC06F101E895F1E0CED /* Pods_FinalHackathonTests.framework */; };
		B6C1A8D7B26C2A187DFA9987 /* Pods_FinalHackathon.framework in Frameworks */ = {isa = PBXBuildFile; fileRef = 4DA32FB5AA055934FF084547 /* Pods_FinalHackathon.framework */; };
/* End PBXBuildFile section */

/* Begin PBXContainerItemProxy section */
		2C4B9B6F1E1E9C7B00E05B4C /* PBXContainerItemProxy */ = {
			isa = PBXContainerItemProxy;
			containerPortal = 2C4B9B4F1E1E9C7A00E05B4C /* Project object */;
			proxyType = 1;
			remoteGlobalIDString = 2C4B9B561E1E9C7A00E05B4C;
			remoteInfo = FinalHackathon;
		};
		2C4B9B7A1E1E9C7B00E05B4C /* PBXContainerItemProxy */ = {
			isa = PBXContainerItemProxy;
			containerPortal = 2C4B9B4F1E1E9C7A00E05B4C /* Project object */;
			proxyType = 1;
			remoteGlobalIDString = 2C4B9B561E1E9C7A00E05B4C;
			remoteInfo = FinalHackathon;
		};
/* End PBXContainerItemProxy section */

/* Begin PBXFileReference section */
		085EF28869A7D6433D348901 /* Pods-FinalHackathonUITests.debug.xcconfig */ = {isa = PBXFileReference; includeInIndex = 1; lastKnownFileType = text.xcconfig; name = "Pods-FinalHackathonUITests.debug.xcconfig"; path = "Pods/Target Support Files/Pods-FinalHackathonUITests/Pods-FinalHackathonUITests.debug.xcconfig"; sourceTree = "<group>"; };
		17909980E2F8DFD55B6B2175 /* Pods-FinalHackathon.debug.xcconfig */ = {isa = PBXFileReference; includeInIndex = 1; lastKnownFileType = text.xcconfig; name = "Pods-FinalHackathon.debug.xcconfig"; path = "Pods/Target Support Files/Pods-FinalHackathon/Pods-FinalHackathon.debug.xcconfig"; sourceTree = "<group>"; };
		2C4B9B571E1E9C7A00E05B4C /* FinalHackathon.app */ = {isa = PBXFileReference; explicitFileType = wrapper.application; includeInIndex = 0; path = FinalHackathon.app; sourceTree = BUILT_PRODUCTS_DIR; };
		2C4B9B5A1E1E9C7A00E05B4C /* AppDelegate.swift */ = {isa = PBXFileReference; lastKnownFileType = sourcecode.swift; path = AppDelegate.swift; sourceTree = "<group>"; };
		2C4B9B5C1E1E9C7A00E05B4C /* ViewController.swift */ = {isa = PBXFileReference; lastKnownFileType = sourcecode.swift; path = ViewController.swift; sourceTree = "<group>"; };
		2C4B9B5F1E1E9C7A00E05B4C /* Base */ = {isa = PBXFileReference; lastKnownFileType = file.storyboard; name = Base; path = Base.lproj/Main.storyboard; sourceTree = "<group>"; };
		2C4B9B621E1E9C7A00E05B4C /* FinalHackathon.xcdatamodel */ = {isa = PBXFileReference; lastKnownFileType = wrapper.xcdatamodel; path = FinalHackathon.xcdatamodel; sourceTree = "<group>"; };
		2C4B9B641E1E9C7A00E05B4C /* Assets.xcassets */ = {isa = PBXFileReference; lastKnownFileType = folder.assetcatalog; path = Assets.xcassets; sourceTree = "<group>"; };
		2C4B9B671E1E9C7A00E05B4C /* Base */ = {isa = PBXFileReference; lastKnownFileType = file.storyboard; name = Base; path = Base.lproj/LaunchScreen.storyboard; sourceTree = "<group>"; };
		2C4B9B691E1E9C7A00E05B4C /* Info.plist */ = {isa = PBXFileReference; lastKnownFileType = text.plist.xml; path = Info.plist; sourceTree = "<group>"; };
		2C4B9B6E1E1E9C7B00E05B4C /* FinalHackathonTests.xctest */ = {isa = PBXFileReference; explicitFileType = wrapper.cfbundle; includeInIndex = 0; path = FinalHackathonTests.xctest; sourceTree = BUILT_PRODUCTS_DIR; };
		2C4B9B721E1E9C7B00E05B4C /* FinalHackathonTests.swift */ = {isa = PBXFileReference; lastKnownFileType = sourcecode.swift; path = FinalHackathonTests.swift; sourceTree = "<group>"; };
		2C4B9B741E1E9C7B00E05B4C /* Info.plist */ = {isa = PBXFileReference; lastKnownFileType = text.plist.xml; path = Info.plist; sourceTree = "<group>"; };
		2C4B9B791E1E9C7B00E05B4C /* FinalHackathonUITests.xctest */ = {isa = PBXFileReference; explicitFileType = wrapper.cfbundle; includeInIndex = 0; path = FinalHackathonUITests.xctest; sourceTree = BUILT_PRODUCTS_DIR; };
		2C4B9B7D1E1E9C7B00E05B4C /* FinalHackathonUITests.swift */ = {isa = PBXFileReference; lastKnownFileType = sourcecode.swift; path = FinalHackathonUITests.swift; sourceTree = "<group>"; };
		2C4B9B7F1E1E9C7B00E05B4C /* Info.plist */ = {isa = PBXFileReference; lastKnownFileType = text.plist.xml; path = Info.plist; sourceTree = "<group>"; };
		4AA3ED73EAA5A9A6CA635A27 /* Pods-FinalHackathonUITests.release.xcconfig */ = {isa = PBXFileReference; includeInIndex = 1; lastKnownFileType = text.xcconfig; name = "Pods-FinalHackathonUITests.release.xcconfig"; path = "Pods/Target Support Files/Pods-FinalHackathonUITests/Pods-FinalHackathonUITests.release.xcconfig"; sourceTree = "<group>"; };
		4DA32FB5AA055934FF084547 /* Pods_FinalHackathon.framework */ = {isa = PBXFileReference; explicitFileType = wrapper.framework; includeInIndex = 0; path = Pods_FinalHackathon.framework; sourceTree = BUILT_PRODUCTS_DIR; };
		65675DC06F101E895F1E0CED /* Pods_FinalHackathonTests.framework */ = {isa = PBXFileReference; explicitFileType = wrapper.framework; includeInIndex = 0; path = Pods_FinalHackathonTests.framework; sourceTree = BUILT_PRODUCTS_DIR; };
		692FC1435790EF06B3FB4FBB /* Pods-FinalHackathon.release.xcconfig */ = {isa = PBXFileReference; includeInIndex = 1; lastKnownFileType = text.xcconfig; name = "Pods-FinalHackathon.release.xcconfig"; path = "Pods/Target Support Files/Pods-FinalHackathon/Pods-FinalHackathon.release.xcconfig"; sourceTree = "<group>"; };
		6E3A629E84D707DE5767AB26 /* Pods-FinalHackathonTests.release.xcconfig */ = {isa = PBXFileReference; includeInIndex = 1; lastKnownFileType = text.xcconfig; name = "Pods-FinalHackathonTests.release.xcconfig"; path = "Pods/Target Support Files/Pods-FinalHackathonTests/Pods-FinalHackathonTests.release.xcconfig"; sourceTree = "<group>"; };
		7C43647A5EFB809EA7794AFA /* Pods_FinalHackathonUITests.framework */ = {isa = PBXFileReference; explicitFileType = wrapper.framework; includeInIndex = 0; path = Pods_FinalHackathonUITests.framework; sourceTree = BUILT_PRODUCTS_DIR; };
		8A69635244CB290DC220B296 /* Pods-FinalHackathonTests.debug.xcconfig */ = {isa = PBXFileReference; includeInIndex = 1; lastKnownFileType = text.xcconfig; name = "Pods-FinalHackathonTests.debug.xcconfig"; path = "Pods/Target Support Files/Pods-FinalHackathonTests/Pods-FinalHackathonTests.debug.xcconfig"; sourceTree = "<group>"; };
/* End PBXFileReference section */

/* Begin PBXFrameworksBuildPhase section */
		2C4B9B541E1E9C7A00E05B4C /* Frameworks */ = {
			isa = PBXFrameworksBuildPhase;
			buildActionMask = 2147483647;
			files = (
				B6C1A8D7B26C2A187DFA9987 /* Pods_FinalHackathon.framework in Frameworks */,
			);
			runOnlyForDeploymentPostprocessing = 0;
		};
		2C4B9B6B1E1E9C7B00E05B4C /* Frameworks */ = {
			isa = PBXFrameworksBuildPhase;
			buildActionMask = 2147483647;
			files = (
				B19ADCC0FF234FE456D7D3BD /* Pods_FinalHackathonTests.framework in Frameworks */,
			);
			runOnlyForDeploymentPostprocessing = 0;
		};
		2C4B9B761E1E9C7B00E05B4C /* Frameworks */ = {
			isa = PBXFrameworksBuildPhase;
			buildActionMask = 2147483647;
			files = (
				3154C8A799E20738DD2B2C4D /* Pods_FinalHackathonUITests.framework in Frameworks */,
			);
			runOnlyForDeploymentPostprocessing = 0;
		};
/* End PBXFrameworksBuildPhase section */

/* Begin PBXGroup section */
		2C4B9B4E1E1E9C7A00E05B4C = {
			isa = PBXGroup;
			children = (
				2C4B9B591E1E9C7A00E05B4C /* FinalHackathon */,
				2C4B9B711E1E9C7B00E05B4C /* FinalHackathonTests */,
				2C4B9B7C1E1E9C7B00E05B4C /* FinalHackathonUITests */,
				2C4B9B581E1E9C7A00E05B4C /* Products */,
				E4C110DC6F31C96805D8B57A /* Pods */,
				44983A5DB529CBA4C3C70D76 /* Frameworks */,
			);
			sourceTree = "<group>";
		};
		2C4B9B581E1E9C7A00E05B4C /* Products */ = {
			isa = PBXGroup;
			children = (
				2C4B9B571E1E9C7A00E05B4C /* FinalHackathon.app */,
				2C4B9B6E1E1E9C7B00E05B4C /* FinalHackathonTests.xctest */,
				2C4B9B791E1E9C7B00E05B4C /* FinalHackathonUITests.xctest */,
			);
			name = Products;
			sourceTree = "<group>";
		};
		2C4B9B591E1E9C7A00E05B4C /* FinalHackathon */ = {
			isa = PBXGroup;
			children = (
				2C4B9B5A1E1E9C7A00E05B4C /* AppDelegate.swift */,
				2C4B9B5C1E1E9C7A00E05B4C /* ViewController.swift */,
				2C4B9B5E1E1E9C7A00E05B4C /* Main.storyboard */,
				2C4B9B641E1E9C7A00E05B4C /* Assets.xcassets */,
				2C4B9B661E1E9C7A00E05B4C /* LaunchScreen.storyboard */,
				2C4B9B691E1E9C7A00E05B4C /* Info.plist */,
				2C4B9B611E1E9C7A00E05B4C /* FinalHackathon.xcdatamodeld */,
			);
			path = FinalHackathon;
			sourceTree = "<group>";
		};
		2C4B9B711E1E9C7B00E05B4C /* FinalHackathonTests */ = {
			isa = PBXGroup;
			children = (
				2C4B9B721E1E9C7B00E05B4C /* FinalHackathonTests.swift */,
				2C4B9B741E1E9C7B00E05B4C /* Info.plist */,
			);
			path = FinalHackathonTests;
			sourceTree = "<group>";
		};
		2C4B9B7C1E1E9C7B00E05B4C /* FinalHackathonUITests */ = {
			isa = PBXGroup;
			children = (
				2C4B9B7D1E1E9C7B00E05B4C /* FinalHackathonUITests.swift */,
				2C4B9B7F1E1E9C7B00E05B4C /* Info.plist */,
			);
			path = FinalHackathonUITests;
			sourceTree = "<group>";
		};
		44983A5DB529CBA4C3C70D76 /* Frameworks */ = {
			isa = PBXGroup;
			children = (
				4DA32FB5AA055934FF084547 /* Pods_FinalHackathon.framework */,
				65675DC06F101E895F1E0CED /* Pods_FinalHackathonTests.framework */,
				7C43647A5EFB809EA7794AFA /* Pods_FinalHackathonUITests.framework */,
			);
			name = Frameworks;
			sourceTree = "<group>";
		};
		E4C110DC6F31C96805D8B57A /* Pods */ = {
			isa = PBXGroup;
			children = (
				17909980E2F8DFD55B6B2175 /* Pods-FinalHackathon.debug.xcconfig */,
				692FC1435790EF06B3FB4FBB /* Pods-FinalHackathon.release.xcconfig */,
				8A69635244CB290DC220B296 /* Pods-FinalHackathonTests.debug.xcconfig */,
				6E3A629E84D707DE5767AB26 /* Pods-FinalHackathonTests.release.xcconfig */,
				085EF28869A7D6433D348901 /* Pods-FinalHackathonUITests.debug.xcconfig */,
				4AA3ED73EAA5A9A6CA635A27 /* Pods-FinalHackathonUITests.release.xcconfig */,
			);
			name = Pods;
			sourceTree = "<group>";
		};
/* End PBXGroup section */

/* Begin PBXNativeTarget section */
		2C4B9B561E1E9C7A00E05B4C /* FinalHackathon */ = {
			isa = PBXNativeTarget;
			buildConfigurationList = 2C4B9B821E1E9C7B00E05B4C /* Build configuration list for PBXNativeTarget "FinalHackathon" */;
			buildPhases = (
				947774C7F8044B0EF22D6857 /* [CP] Check Pods Manifest.lock */,
				2C4B9B531E1E9C7A00E05B4C /* Sources */,
				2C4B9B541E1E9C7A00E05B4C /* Frameworks */,
				2C4B9B551E1E9C7A00E05B4C /* Resources */,
				C7BE423DF0D06EA0C4C29CE4 /* [CP] Embed Pods Frameworks */,
				66BFF4EF1FA5B219E8EE993E /* [CP] Copy Pods Resources */,
			);
			buildRules = (
			);
			dependencies = (
			);
			name = FinalHackathon;
			productName = FinalHackathon;
			productReference = 2C4B9B571E1E9C7A00E05B4C /* FinalHackathon.app */;
			productType = "com.apple.product-type.application";
		};
		2C4B9B6D1E1E9C7B00E05B4C /* FinalHackathonTests */ = {
			isa = PBXNativeTarget;
			buildConfigurationList = 2C4B9B851E1E9C7B00E05B4C /* Build configuration list for PBXNativeTarget "FinalHackathonTests" */;
			buildPhases = (
				7C208E8B5B4E6F8DE1072E5C /* [CP] Check Pods Manifest.lock */,
				2C4B9B6A1E1E9C7B00E05B4C /* Sources */,
				2C4B9B6B1E1E9C7B00E05B4C /* Frameworks */,
				2C4B9B6C1E1E9C7B00E05B4C /* Resources */,
				18BD8257695D41DC538600EF /* [CP] Embed Pods Frameworks */,
				C3F6C6F5280C3CF8CFF401F1 /* [CP] Copy Pods Resources */,
			);
			buildRules = (
			);
			dependencies = (
				2C4B9B701E1E9C7B00E05B4C /* PBXTargetDependency */,
			);
			name = FinalHackathonTests;
			productName = FinalHackathonTests;
			productReference = 2C4B9B6E1E1E9C7B00E05B4C /* FinalHackathonTests.xctest */;
			productType = "com.apple.product-type.bundle.unit-test";
		};
		2C4B9B781E1E9C7B00E05B4C /* FinalHackathonUITests */ = {
			isa = PBXNativeTarget;
			buildConfigurationList = 2C4B9B881E1E9C7B00E05B4C /* Build configuration list for PBXNativeTarget "FinalHackathonUITests" */;
			buildPhases = (
				091FB11D2064E64C18D415F1 /* [CP] Check Pods Manifest.lock */,
				2C4B9B751E1E9C7B00E05B4C /* Sources */,
				2C4B9B761E1E9C7B00E05B4C /* Frameworks */,
				2C4B9B771E1E9C7B00E05B4C /* Resources */,
				5E07AE131623482AC2002900 /* [CP] Embed Pods Frameworks */,
				903D0587FBC27F3E4FC4982F /* [CP] Copy Pods Resources */,
			);
			buildRules = (
			);
			dependencies = (
				2C4B9B7B1E1E9C7B00E05B4C /* PBXTargetDependency */,
			);
			name = FinalHackathonUITests;
			productName = FinalHackathonUITests;
			productReference = 2C4B9B791E1E9C7B00E05B4C /* FinalHackathonUITests.xctest */;
			productType = "com.apple.product-type.bundle.ui-testing";
		};
/* End PBXNativeTarget section */

/* Begin PBXProject section */
		2C4B9B4F1E1E9C7A00E05B4C /* Project object */ = {
			isa = PBXProject;
			attributes = {
				LastSwiftUpdateCheck = 0820;
				LastUpgradeCheck = 0820;
				ORGANIZATIONNAME = "Son Vu";
				TargetAttributes = {
					2C4B9B561E1E9C7A00E05B4C = {
						CreatedOnToolsVersion = 8.2.1;
						DevelopmentTeam = 245HW66W8F;
						ProvisioningStyle = Automatic;
					};
					2C4B9B6D1E1E9C7B00E05B4C = {
						CreatedOnToolsVersion = 8.2.1;
						DevelopmentTeam = 245HW66W8F;
						ProvisioningStyle = Automatic;
						TestTargetID = 2C4B9B561E1E9C7A00E05B4C;
					};
					2C4B9B781E1E9C7B00E05B4C = {
						CreatedOnToolsVersion = 8.2.1;
						DevelopmentTeam = 245HW66W8F;
						ProvisioningStyle = Automatic;
						TestTargetID = 2C4B9B561E1E9C7A00E05B4C;
					};
				};
			};
			buildConfigurationList = 2C4B9B521E1E9C7A00E05B4C /* Build configuration list for PBXProject "FinalHackathon" */;
			compatibilityVersion = "Xcode 3.2";
			developmentRegion = English;
			hasScannedForEncodings = 0;
			knownRegions = (
				en,
				Base,
			);
			mainGroup = 2C4B9B4E1E1E9C7A00E05B4C;
			productRefGroup = 2C4B9B581E1E9C7A00E05B4C /* Products */;
			projectDirPath = "";
			projectRoot = "";
			targets = (
				2C4B9B561E1E9C7A00E05B4C /* FinalHackathon */,
				2C4B9B6D1E1E9C7B00E05B4C /* FinalHackathonTests */,
				2C4B9B781E1E9C7B00E05B4C /* FinalHackathonUITests */,
			);
		};
/* End PBXProject section */

/* Begin PBXResourcesBuildPhase section */
		2C4B9B551E1E9C7A00E05B4C /* Resources */ = {
			isa = PBXResourcesBuildPhase;
			buildActionMask = 2147483647;
			files = (
				2C4B9B681E1E9C7A00E05B4C /* LaunchScreen.storyboard in Resources */,
				2C4B9B651E1E9C7A00E05B4C /* Assets.xcassets in Resources */,
				2C4B9B601E1E9C7A00E05B4C /* Main.storyboard in Resources */,
			);
			runOnlyForDeploymentPostprocessing = 0;
		};
		2C4B9B6C1E1E9C7B00E05B4C /* Resources */ = {
			isa = PBXResourcesBuildPhase;
			buildActionMask = 2147483647;
			files = (
			);
			runOnlyForDeploymentPostprocessing = 0;
		};
		2C4B9B771E1E9C7B00E05B4C /* Resources */ = {
			isa = PBXResourcesBuildPhase;
			buildActionMask = 2147483647;
			files = (
			);
			runOnlyForDeploymentPostprocessing = 0;
		};
/* End PBXResourcesBuildPhase section */

/* Begin PBXShellScriptBuildPhase section */
		091FB11D2064E64C18D415F1 /* [CP] Check Pods Manifest.lock */ = {
			isa = PBXShellScriptBuildPhase;
			buildActionMask = 2147483647;
			files = (
			);
			inputPaths = (
			);
			name = "[CP] Check Pods Manifest.lock";
			outputPaths = (
			);
			runOnlyForDeploymentPostprocessing = 0;
			shellPath = /bin/sh;
			shellScript = "diff \"${PODS_ROOT}/../Podfile.lock\" \"${PODS_ROOT}/Manifest.lock\" > /dev/null\nif [ $? != 0 ] ; then\n    # print error to STDERR\n    echo \"error: The sandbox is not in sync with the Podfile.lock. Run 'pod install' or update your CocoaPods installation.\" >&2\n    exit 1\nfi\n";
			showEnvVarsInLog = 0;
		};
		18BD8257695D41DC538600EF /* [CP] Embed Pods Frameworks */ = {
			isa = PBXShellScriptBuildPhase;
			buildActionMask = 2147483647;
			files = (
			);
			inputPaths = (
			);
			name = "[CP] Embed Pods Frameworks";
			outputPaths = (
			);
			runOnlyForDeploymentPostprocessing = 0;
			shellPath = /bin/sh;
			shellScript = "\"${SRCROOT}/Pods/Target Support Files/Pods-FinalHackathonTests/Pods-FinalHackathonTests-frameworks.sh\"\n";
			showEnvVarsInLog = 0;
		};
		5E07AE131623482AC2002900 /* [CP] Embed Pods Frameworks */ = {
			isa = PBXShellScriptBuildPhase;
			buildActionMask = 2147483647;
			files = (
			);
			inputPaths = (
			);
			name = "[CP] Embed Pods Frameworks";
			outputPaths = (
			);
			runOnlyForDeploymentPostprocessing = 0;
			shellPath = /bin/sh;
			shellScript = "\"${SRCROOT}/Pods/Target Support Files/Pods-FinalHackathonUITests/Pods-FinalHackathonUITests-frameworks.sh\"\n";
			showEnvVarsInLog = 0;
		};
		66BFF4EF1FA5B219E8EE993E /* [CP] Copy Pods Resources */ = {
			isa = PBXShellScriptBuildPhase;
			buildActionMask = 2147483647;
			files = (
			);
			inputPaths = (
			);
			name = "[CP] Copy Pods Resources";
			outputPaths = (
			);
			runOnlyForDeploymentPostprocessing = 0;
			shellPath = /bin/sh;
			shellScript = "\"${SRCROOT}/Pods/Target Support Files/Pods-FinalHackathon/Pods-FinalHackathon-resources.sh\"\n";
			showEnvVarsInLog = 0;
		};
		7C208E8B5B4E6F8DE1072E5C /* [CP] Check Pods Manifest.lock */ = {
			isa = PBXShellScriptBuildPhase;
			buildActionMask = 2147483647;
			files = (
			);
			inputPaths = (
			);
			name = "[CP] Check Pods Manifest.lock";
			outputPaths = (
			);
			runOnlyForDeploymentPostprocessing = 0;
			shellPath = /bin/sh;
			shellScript = "diff \"${PODS_ROOT}/../Podfile.lock\" \"${PODS_ROOT}/Manifest.lock\" > /dev/null\nif [ $? != 0 ] ; then\n    # print error to STDERR\n    echo \"error: The sandbox is not in sync with the Podfile.lock. Run 'pod install' or update your CocoaPods installation.\" >&2\n    exit 1\nfi\n";
			showEnvVarsInLog = 0;
		};
		903D0587FBC27F3E4FC4982F /* [CP] Copy Pods Resources */ = {
			isa = PBXShellScriptBuildPhase;
			buildActionMask = 2147483647;
			files = (
			);
			inputPaths = (
			);
			name = "[CP] Copy Pods Resources";
			outputPaths = (
			);
			runOnlyForDeploymentPostprocessing = 0;
			shellPath = /bin/sh;
			shellScript = "\"${SRCROOT}/Pods/Target Support Files/Pods-FinalHackathonUITests/Pods-FinalHackathonUITests-resources.sh\"\n";
			showEnvVarsInLog = 0;
		};
		947774C7F8044B0EF22D6857 /* [CP] Check Pods Manifest.lock */ = {
			isa = PBXShellScriptBuildPhase;
			buildActionMask = 2147483647;
			files = (
			);
			inputPaths = (
			);
			name = "[CP] Check Pods Manifest.lock";
			outputPaths = (
			);
			runOnlyForDeploymentPostprocessing = 0;
			shellPath = /bin/sh;
			shellScript = "diff \"${PODS_ROOT}/../Podfile.lock\" \"${PODS_ROOT}/Manifest.lock\" > /dev/null\nif [ $? != 0 ] ; then\n    # print error to STDERR\n    echo \"error: The sandbox is not in sync with the Podfile.lock. Run 'pod install' or update your CocoaPods installation.\" >&2\n    exit 1\nfi\n";
			showEnvVarsInLog = 0;
		};
		C3F6C6F5280C3CF8CFF401F1 /* [CP] Copy Pods Resources */ = {
			isa = PBXShellScriptBuildPhase;
			buildActionMask = 2147483647;
			files = (
			);
			inputPaths = (
			);
			name = "[CP] Copy Pods Resources";
			outputPaths = (
			);
			runOnlyForDeploymentPostprocessing = 0;
			shellPath = /bin/sh;
			shellScript = "\"${SRCROOT}/Pods/Target Support Files/Pods-FinalHackathonTests/Pods-FinalHackathonTests-resources.sh\"\n";
			showEnvVarsInLog = 0;
		};
		C7BE423DF0D06EA0C4C29CE4 /* [CP] Embed Pods Frameworks */ = {
			isa = PBXShellScriptBuildPhase;
			buildActionMask = 2147483647;
			files = (
			);
			inputPaths = (
			);
			name = "[CP] Embed Pods Frameworks";
			outputPaths = (
			);
			runOnlyForDeploymentPostprocessing = 0;
			shellPath = /bin/sh;
			shellScript = "\"${SRCROOT}/Pods/Target Support Files/Pods-FinalHackathon/Pods-FinalHackathon-frameworks.sh\"\n";
			showEnvVarsInLog = 0;
		};
/* End PBXShellScriptBuildPhase section */

/* Begin PBXSourcesBuildPhase section */
		2C4B9B531E1E9C7A00E05B4C /* Sources */ = {
			isa = PBXSourcesBuildPhase;
			buildActionMask = 2147483647;
			files = (
				2C4B9B631E1E9C7A00E05B4C /* FinalHackathon.xcdatamodeld in Sources */,
				2C4B9B5D1E1E9C7A00E05B4C /* ViewController.swift in Sources */,
				2C4B9B5B1E1E9C7A00E05B4C /* AppDelegate.swift in Sources */,
			);
			runOnlyForDeploymentPostprocessing = 0;
		};
		2C4B9B6A1E1E9C7B00E05B4C /* Sources */ = {
			isa = PBXSourcesBuildPhase;
			buildActionMask = 2147483647;
			files = (
				2C4B9B731E1E9C7B00E05B4C /* FinalHackathonTests.swift in Sources */,
			);
			runOnlyForDeploymentPostprocessing = 0;
		};
		2C4B9B751E1E9C7B00E05B4C /* Sources */ = {
			isa = PBXSourcesBuildPhase;
			buildActionMask = 2147483647;
			files = (
				2C4B9B7E1E1E9C7B00E05B4C /* FinalHackathonUITests.swift in Sources */,
			);
			runOnlyForDeploymentPostprocessing = 0;
		};
/* End PBXSourcesBuildPhase section */

/* Begin PBXTargetDependency section */
		2C4B9B701E1E9C7B00E05B4C /* PBXTargetDependency */ = {
			isa = PBXTargetDependency;
			target = 2C4B9B561E1E9C7A00E05B4C /* FinalHackathon */;
			targetProxy = 2C4B9B6F1E1E9C7B00E05B4C /* PBXContainerItemProxy */;
		};
		2C4B9B7B1E1E9C7B00E05B4C /* PBXTargetDependency */ = {
			isa = PBXTargetDependency;
			target = 2C4B9B561E1E9C7A00E05B4C /* FinalHackathon */;
			targetProxy = 2C4B9B7A1E1E9C7B00E05B4C /* PBXContainerItemProxy */;
		};
/* End PBXTargetDependency section */

/* Begin PBXVariantGroup section */
		2C4B9B5E1E1E9C7A00E05B4C /* Main.storyboard */ = {
			isa = PBXVariantGroup;
			children = (
				2C4B9B5F1E1E9C7A00E05B4C /* Base */,
			);
			name = Main.storyboard;
			sourceTree = "<group>";
		};
		2C4B9B661E1E9C7A00E05B4C /* LaunchScreen.storyboard */ = {
			isa = PBXVariantGroup;
			children = (
				2C4B9B671E1E9C7A00E05B4C /* Base */,
			);
			name = LaunchScreen.storyboard;
			sourceTree = "<group>";
		};
/* End PBXVariantGroup section */

/* Begin XCBuildConfiguration section */
		2C4B9B801E1E9C7B00E05B4C /* Debug */ = {
			isa = XCBuildConfiguration;
			buildSettings = {
				ALWAYS_SEARCH_USER_PATHS = NO;
				CLANG_ANALYZER_NONNULL = YES;
				CLANG_CXX_LANGUAGE_STANDARD = "gnu++0x";
				CLANG_CXX_LIBRARY = "libc++";
				CLANG_ENABLE_MODULES = YES;
				CLANG_ENABLE_OBJC_ARC = YES;
				CLANG_WARN_BOOL_CONVERSION = YES;
				CLANG_WARN_CONSTANT_CONVERSION = YES;
				CLANG_WARN_DIRECT_OBJC_ISA_USAGE = YES_ERROR;
				CLANG_WARN_DOCUMENTATION_COMMENTS = YES;
				CLANG_WARN_EMPTY_BODY = YES;
				CLANG_WARN_ENUM_CONVERSION = YES;
				CLANG_WARN_INFINITE_RECURSION = YES;
				CLANG_WARN_INT_CONVERSION = YES;
				CLANG_WARN_OBJC_ROOT_CLASS = YES_ERROR;
				CLANG_WARN_SUSPICIOUS_MOVE = YES;
				CLANG_WARN_UNREACHABLE_CODE = YES;
				CLANG_WARN__DUPLICATE_METHOD_MATCH = YES;
				"CODE_SIGN_IDENTITY[sdk=iphoneos*]" = "iPhone Developer";
				COPY_PHASE_STRIP = NO;
				DEBUG_INFORMATION_FORMAT = dwarf;
				ENABLE_STRICT_OBJC_MSGSEND = YES;
				ENABLE_TESTABILITY = YES;
				GCC_C_LANGUAGE_STANDARD = gnu99;
				GCC_DYNAMIC_NO_PIC = NO;
				GCC_NO_COMMON_BLOCKS = YES;
				GCC_OPTIMIZATION_LEVEL = 0;
				GCC_PREPROCESSOR_DEFINITIONS = (
					"DEBUG=1",
					"$(inherited)",
				);
				GCC_WARN_64_TO_32_BIT_CONVERSION = YES;
				GCC_WARN_ABOUT_RETURN_TYPE = YES_ERROR;
				GCC_WARN_UNDECLARED_SELECTOR = YES;
				GCC_WARN_UNINITIALIZED_AUTOS = YES_AGGRESSIVE;
				GCC_WARN_UNUSED_FUNCTION = YES;
				GCC_WARN_UNUSED_VARIABLE = YES;
				IPHONEOS_DEPLOYMENT_TARGET = 10.2;
				MTL_ENABLE_DEBUG_INFO = YES;
				ONLY_ACTIVE_ARCH = YES;
				SDKROOT = iphoneos;
				SWIFT_ACTIVE_COMPILATION_CONDITIONS = DEBUG;
				SWIFT_OPTIMIZATION_LEVEL = "-Onone";
			};
			name = Debug;
		};
		2C4B9B811E1E9C7B00E05B4C /* Release */ = {
			isa = XCBuildConfiguration;
			buildSettings = {
				ALWAYS_SEARCH_USER_PATHS = NO;
				CLANG_ANALYZER_NONNULL = YES;
				CLANG_CXX_LANGUAGE_STANDARD = "gnu++0x";
				CLANG_CXX_LIBRARY = "libc++";
				CLANG_ENABLE_MODULES = YES;
				CLANG_ENABLE_OBJC_ARC = YES;
				CLANG_WARN_BOOL_CONVERSION = YES;
				CLANG_WARN_CONSTANT_CONVERSION = YES;
				CLANG_WARN_DIRECT_OBJC_ISA_USAGE = YES_ERROR;
				CLANG_WARN_DOCUMENTATION_COMMENTS = YES;
				CLANG_WARN_EMPTY_BODY = YES;
				CLANG_WARN_ENUM_CONVERSION = YES;
				CLANG_WARN_INFINITE_RECURSION = YES;
				CLANG_WARN_INT_CONVERSION = YES;
				CLANG_WARN_OBJC_ROOT_CLASS = YES_ERROR;
				CLANG_WARN_SUSPICIOUS_MOVE = YES;
				CLANG_WARN_UNREACHABLE_CODE = YES;
				CLANG_WARN__DUPLICATE_METHOD_MATCH = YES;
				"CODE_SIGN_IDENTITY[sdk=iphoneos*]" = "iPhone Developer";
				COPY_PHASE_STRIP = NO;
				DEBUG_INFORMATION_FORMAT = "dwarf-with-dsym";
				ENABLE_NS_ASSERTIONS = NO;
				ENABLE_STRICT_OBJC_MSGSEND = YES;
				GCC_C_LANGUAGE_STANDARD = gnu99;
				GCC_NO_COMMON_BLOCKS = YES;
				GCC_WARN_64_TO_32_BIT_CONVERSION = YES;
				GCC_WARN_ABOUT_RETURN_TYPE = YES_ERROR;
				GCC_WARN_UNDECLARED_SELECTOR = YES;
				GCC_WARN_UNINITIALIZED_AUTOS = YES_AGGRESSIVE;
				GCC_WARN_UNUSED_FUNCTION = YES;
				GCC_WARN_UNUSED_VARIABLE = YES;
				IPHONEOS_DEPLOYMENT_TARGET = 10.2;
				MTL_ENABLE_DEBUG_INFO = NO;
				SDKROOT = iphoneos;
				SWIFT_OPTIMIZATION_LEVEL = "-Owholemodule";
				VALIDATE_PRODUCT = YES;
			};
			name = Release;
		};
		2C4B9B831E1E9C7B00E05B4C /* Debug */ = {
			isa = XCBuildConfiguration;
			baseConfigurationReference = 17909980E2F8DFD55B6B2175 /* Pods-FinalHackathon.debug.xcconfig */;
			buildSettings = {
				ASSETCATALOG_COMPILER_APPICON_NAME = AppIcon;
				DEVELOPMENT_TEAM = 245HW66W8F;
				INFOPLIST_FILE = FinalHackathon/Info.plist;
				LD_RUNPATH_SEARCH_PATHS = "$(inherited) @executable_path/Frameworks";
				PRODUCT_BUNDLE_IDENTIFIER = techkids.FinalHackathon;
				PRODUCT_NAME = "$(TARGET_NAME)";
				SWIFT_VERSION = 3.0;
			};
			name = Debug;
		};
		2C4B9B841E1E9C7B00E05B4C /* Release */ = {
			isa = XCBuildConfiguration;
			baseConfigurationReference = 692FC1435790EF06B3FB4FBB /* Pods-FinalHackathon.release.xcconfig */;
			buildSettings = {
				ASSETCATALOG_COMPILER_APPICON_NAME = AppIcon;
				DEVELOPMENT_TEAM = 245HW66W8F;
				INFOPLIST_FILE = FinalHackathon/Info.plist;
				LD_RUNPATH_SEARCH_PATHS = "$(inherited) @executable_path/Frameworks";
				PRODUCT_BUNDLE_IDENTIFIER = techkids.FinalHackathon;
				PRODUCT_NAME = "$(TARGET_NAME)";
				SWIFT_VERSION = 3.0;
			};
			name = Release;
		};
		2C4B9B861E1E9C7B00E05B4C /* Debug */ = {
			isa = XCBuildConfiguration;
			baseConfigurationReference = 8A69635244CB290DC220B296 /* Pods-FinalHackathonTests.debug.xcconfig */;
			buildSettings = {
				ALWAYS_EMBED_SWIFT_STANDARD_LIBRARIES = YES;
				BUNDLE_LOADER = "$(TEST_HOST)";
				DEVELOPMENT_TEAM = 245HW66W8F;
				INFOPLIST_FILE = FinalHackathonTests/Info.plist;
				LD_RUNPATH_SEARCH_PATHS = "$(inherited) @executable_path/Frameworks @loader_path/Frameworks";
				PRODUCT_BUNDLE_IDENTIFIER = techkids.FinalHackathonTests;
				PRODUCT_NAME = "$(TARGET_NAME)";
				SWIFT_VERSION = 3.0;
				TEST_HOST = "$(BUILT_PRODUCTS_DIR)/FinalHackathon.app/FinalHackathon";
			};
			name = Debug;
		};
		2C4B9B871E1E9C7B00E05B4C /* Release */ = {
			isa = XCBuildConfiguration;
			baseConfigurationReference = 6E3A629E84D707DE5767AB26 /* Pods-FinalHackathonTests.release.xcconfig */;
			buildSettings = {
				ALWAYS_EMBED_SWIFT_STANDARD_LIBRARIES = YES;
				BUNDLE_LOADER = "$(TEST_HOST)";
				DEVELOPMENT_TEAM = 245HW66W8F;
				INFOPLIST_FILE = FinalHackathonTests/Info.plist;
				LD_RUNPATH_SEARCH_PATHS = "$(inherited) @executable_path/Frameworks @loader_path/Frameworks";
				PRODUCT_BUNDLE_IDENTIFIER = techkids.FinalHackathonTests;
				PRODUCT_NAME = "$(TARGET_NAME)";
				SWIFT_VERSION = 3.0;
				TEST_HOST = "$(BUILT_PRODUCTS_DIR)/FinalHackathon.app/FinalHackathon";
			};
			name = Release;
		};
		2C4B9B891E1E9C7B00E05B4C /* Debug */ = {
			isa = XCBuildConfiguration;
			baseConfigurationReference = 085EF28869A7D6433D348901 /* Pods-FinalHackathonUITests.debug.xcconfig */;
			buildSettings = {
				ALWAYS_EMBED_SWIFT_STANDARD_LIBRARIES = YES;
				DEVELOPMENT_TEAM = 245HW66W8F;
				INFOPLIST_FILE = FinalHackathonUITests/Info.plist;
				LD_RUNPATH_SEARCH_PATHS = "$(inherited) @executable_path/Frameworks @loader_path/Frameworks";
				PRODUCT_BUNDLE_IDENTIFIER = techkids.FinalHackathonUITests;
				PRODUCT_NAME = "$(TARGET_NAME)";
				SWIFT_VERSION = 3.0;
				TEST_TARGET_NAME = FinalHackathon;
			};
			name = Debug;
		};
		2C4B9B8A1E1E9C7B00E05B4C /* Release */ = {
			isa = XCBuildConfiguration;
			baseConfigurationReference = 4AA3ED73EAA5A9A6CA635A27 /* Pods-FinalHackathonUITests.release.xcconfig */;
			buildSettings = {
				ALWAYS_EMBED_SWIFT_STANDARD_LIBRARIES = YES;
				DEVELOPMENT_TEAM = 245HW66W8F;
				INFOPLIST_FILE = FinalHackathonUITests/Info.plist;
				LD_RUNPATH_SEARCH_PATHS = "$(inherited) @executable_path/Frameworks @loader_path/Frameworks";
				PRODUCT_BUNDLE_IDENTIFIER = techkids.FinalHackathonUITests;
				PRODUCT_NAME = "$(TARGET_NAME)";
				SWIFT_VERSION = 3.0;
				TEST_TARGET_NAME = FinalHackathon;
			};
			name = Release;
		};
/* End XCBuildConfiguration section */

/* Begin XCConfigurationList section */
		2C4B9B521E1E9C7A00E05B4C /* Build configuration list for PBXProject "FinalHackathon" */ = {
			isa = XCConfigurationList;
			buildConfigurations = (
				2C4B9B801E1E9C7B00E05B4C /* Debug */,
				2C4B9B811E1E9C7B00E05B4C /* Release */,
			);
			defaultConfigurationIsVisible = 0;
			defaultConfigurationName = Release;
		};
		2C4B9B821E1E9C7B00E05B4C /* Build configuration list for PBXNativeTarget "FinalHackathon" */ = {
			isa = XCConfigurationList;
			buildConfigurations = (
				2C4B9B831E1E9C7B00E05B4C /* Debug */,
				2C4B9B841E1E9C7B00E05B4C /* Release */,
			);
			defaultConfigurationIsVisible = 0;
		};
		2C4B9B851E1E9C7B00E05B4C /* Build configuration list for PBXNativeTarget "FinalHackathonTests" */ = {
			isa = XCConfigurationList;
			buildConfigurations = (
				2C4B9B861E1E9C7B00E05B4C /* Debug */,
				2C4B9B871E1E9C7B00E05B4C /* Release */,
			);
			defaultConfigurationIsVisible = 0;
		};
		2C4B9B881E1E9C7B00E05B4C /* Build configuration list for PBXNativeTarget "FinalHackathonUITests" */ = {
			isa = XCConfigurationList;
			buildConfigurations = (
				2C4B9B891E1E9C7B00E05B4C /* Debug */,
				2C4B9B8A1E1E9C7B00E05B4C /* Release */,
			);
			defaultConfigurationIsVisible = 0;
		};
/* End XCConfigurationList section */

/* Begin XCVersionGroup section */
		2C4B9B611E1E9C7A00E05B4C /* FinalHackathon.xcdatamodeld */ = {
			isa = XCVersionGroup;
			children = (
				2C4B9B621E1E9C7A00E05B4C /* FinalHackathon.xcdatamodel */,
			);
			currentVersion = 2C4B9B621E1E9C7A00E05B4C /* FinalHackathon.xcdatamodel */;
			path = FinalHackathon.xcdatamodeld;
			sourceTree = "<group>";
			versionGroupType = wrapper.xcdatamodel;
		};
/* End XCVersionGroup section */
	};
	rootObject = 2C4B9B4F1E1E9C7A00E05B4C /* Project object */;
}
